
Microsoft Visual Studio Solution File, Format Version 12.00
# Visual Studio Version 17
VisualStudioVersion = 17.1.32328.378
MinimumVisualStudioVersion = 10.0.40219.1
Project("{FAE04EC0-301F-11D3-BF4B-00C04F79EFBC}") = "WebApplicationAPI2", "WebApplicationAPI2.csproj", "{15296396-8D97-4EB6-8684-564F1A0775C2}"
EndProject
Project("{FAE04EC0-301F-11D3-BF4B-00C04F79EFBC}") = "ClassLibrary2", "..\ClassLibrary2\ClassLibrary2.csproj", "{F4DC7108-8CA0-4EEE-A513-88ED7CF1E3FF}"
EndProject
Global
	GlobalSection(SolutionConfigurationPlatforms) = preSolution
		Debug|Any CPU = Debug|Any CPU
		Release|Any CPU = Release|Any CPU
	EndGlobalSection
	GlobalSection(ProjectConfigurationPlatforms) = postSolution
		{15296396-8D97-4EB6-8684-564F1A0775C2}.Debug|Any CPU.ActiveCfg = Debug|Any CPU
		{15296396-8D97-4EB6-8684-564F1A0775C2}.Debug|Any CPU.Build.0 = Debug|Any CPU
		{15296396-8D97-4EB6-8684-564F1A0775C2}.Release|Any CPU.ActiveCfg = Release|Any CPU
		{15296396-8D97-4EB6-8684-564F1A0775C2}.Release|Any CPU.Build.0 = Release|Any CPU
		{F4DC7108-8CA0-4EEE-A513-88ED7CF1E3FF}.Debug|Any CPU.ActiveCfg = Debug|Any CPU
		{F4DC7108-8CA0-4EEE-A513-88ED7CF1E3FF}.Debug|Any CPU.Build.0 = Debug|Any CPU
		{F4DC7108-8CA0-4EEE-A513-88ED7CF1E3FF}.Release|Any CPU.ActiveCfg = Release|Any CPU
		{F4DC7108-8CA0-4EEE-A513-88ED7CF1E3FF}.Release|Any CPU.Build.0 = Release|Any CPU
	EndGlobalSection
	GlobalSection(SolutionProperties) = preSolution
		HideSolutionNode = FALSE
	EndGlobalSection
	GlobalSection(ExtensibilityGlobals) = postSolution
		SolutionGuid = {E6B4360C-3E60-43A3-ACA9-FA2C677D7EBF}
	EndGlobalSection
EndGlobal
